<Solution>
  <Project Path="Bai1.1/Bai1.1.csproj" Id="2745edb8-5deb-4bb4-b801-919b9936da43" />
  <Project Path="Bai1.2/Bai1.2.csproj" />
  <Project Path="Bai1.3/Bai1.3.csproj" />
  <Project Path="Bai1.4/Bai1.4.csproj" Id="d7e77a50-9863-48aa-94c1-f637cfc4d132" />
  <Project Path="Bai1.5/Bai1.5.csproj" Id="16bc0b61-b9e5-46d6-9160-7a4e377759ee" />
</Solution>
