<Solution>
  <Project Path="BaiTap3.2_1/BaiTap3.2_1.csproj" Id="9eb51d83-60ad-4a36-bc27-f0550c311724" />
  <Project Path="BaiTap3.2_2/BaiTap3.2_2.csproj" Id="d06ccb39-01ea-41c3-9c6c-e0901e023319" />
  <Project Path="BaiTap3.2_3/BaiTap3.2_3.csproj" Id="14b6bf75-6879-467c-b007-e53b13490ba1" />
  <Project Path="BaiTap3.2_4/BaiTap3.2_4.csproj" Id="728133e2-3da6-4e07-bc68-b0d368d8f00c" />
</Solution>
